// !$*UTF8*$!
{
	archiveVersion = 1;
	classes = {
	};
	objectVersion = 55;
	objects = {

/* Begin PBXBuildFile section */
		09AD6559ECD99918DD185A57 /* Pods_nasa_images.framework in Frameworks */ = {isa = PBXBuildFile; fileRef = 2112D87682DBEABCAEF645DB /* Pods_nasa_images.framework */; };
		5E355782E65CA491118C9F13 /* Pods_nasa_imagesTests.framework in Frameworks */ = {isa = PBXBuildFile; fileRef = AF22738144AB7640864AF2FE /* Pods_nasa_imagesTests.framework */; };
		6B7D1EF30260EA2B4B525F97 /* Pods_nasa_images_nasa_imagesUITests.framework in Frameworks */ = {isa = PBXBuildFile; fileRef = F54C55F0A80DB187DCD8D6D9 /* Pods_nasa_images_nasa_imagesUITests.framework */; };
		C536AFE927B94FEC00A334A7 /* UIColorTest.swift in Sources */ = {isa = PBXBuildFile; fileRef = C536AFE827B94FEC00A334A7 /* UIColorTest.swift */; };
		C55715DC27B811E100BE807C /* Preview.swift in Sources */ = {isa = PBXBuildFile; fileRef = C55715DB27B811E100BE807C /* Preview.swift */; };
		C55715DE27B812FE00BE807C /* NebulaCollectionCell.swift in Sources */ = {isa = PBXBuildFile; fileRef = C55715DD27B812FE00BE807C /* NebulaCollectionCell.swift */; };
		C55715E027B8200900BE807C /* UIColor+Extensions.swift in Sources */ = {isa = PBXBuildFile; fileRef = C55715DF27B8200900BE807C /* UIColor+Extensions.swift */; };
		C564B15427B83F61008ABA28 /* SectionCollectionCell.swift in Sources */ = {isa = PBXBuildFile; fileRef = C564B15327B83F61008ABA28 /* SectionCollectionCell.swift */; };
		C585CFD527AEA85B000FB07F /* images.json in Resources */ = {isa = PBXBuildFile; fileRef = C585CFD427AEA85B000FB07F /* images.json */; };
		C585CFD927AEBA57000FB07F /* NasaImagesService.swift in Sources */ = {isa = PBXBuildFile; fileRef = C585CFD827AEBA57000FB07F /* NasaImagesService.swift */; };
		C58EAAC227A59EAC0016DEA7 /* AppDelegate.swift in Sources */ = {isa = PBXBuildFile; fileRef = C58EAAC127A59EAC0016DEA7 /* AppDelegate.swift */; };
		C58EAAC427A59EAC0016DEA7 /* SceneDelegate.swift in Sources */ = {isa = PBXBuildFile; fileRef = C58EAAC327A59EAC0016DEA7 /* SceneDelegate.swift */; };
		C58EAAC627A59EAC0016DEA7 /* HomeViewController.swift in Sources */ = {isa = PBXBuildFile; fileRef = C58EAAC527A59EAC0016DEA7 /* HomeViewController.swift */; };
		C58EAACB27A59EAE0016DEA7 /* Assets.xcassets in Resources */ = {isa = PBXBuildFile; fileRef = C58EAACA27A59EAE0016DEA7 /* Assets.xcassets */; };
		C58EAACE27A59EAE0016DEA7 /* LaunchScreen.storyboard in Resources */ = {isa = PBXBuildFile; fileRef = C58EAACC27A59EAE0016DEA7 /* LaunchScreen.storyboard */; };
		C58EAAD927A59EAE0016DEA7 /* ServiceLayerTest.swift in Sources */ = {isa = PBXBuildFile; fileRef = C58EAAD827A59EAE0016DEA7 /* ServiceLayerTest.swift */; };
		C58EAAE327A59EAE0016DEA7 /* nasa_imagesUITests.swift in Sources */ = {isa = PBXBuildFile; fileRef = C58EAAE227A59EAE0016DEA7 /* nasa_imagesUITests.swift */; };
		C58EAAE527A59EAE0016DEA7 /* nasa_imagesUITestsLaunchTests.swift in Sources */ = {isa = PBXBuildFile; fileRef = C58EAAE427A59EAE0016DEA7 /* nasa_imagesUITestsLaunchTests.swift */; };
		C58EAAF727A5A3D10016DEA7 /* AstronomyImagesModel.swift in Sources */ = {isa = PBXBuildFile; fileRef = C58EAAF627A5A3D10016DEA7 /* AstronomyImagesModel.swift */; };
		C58EAAFA27A5A4530016DEA7 /* ServiceLayer.swift in Sources */ = {isa = PBXBuildFile; fileRef = C58EAAF927A5A4530016DEA7 /* ServiceLayer.swift */; };
		C58EAAFC27A5A6EE0016DEA7 /* Constants.swift in Sources */ = {isa = PBXBuildFile; fileRef = C58EAAFB27A5A6EE0016DEA7 /* Constants.swift */; };
		C58EAB0027A5AD100016DEA7 /* NasaImagesViewModel.swift in Sources */ = {isa = PBXBuildFile; fileRef = C58EAAFF27A5AD100016DEA7 /* NasaImagesViewModel.swift */; };
		C58EAB0227A5B27E0016DEA7 /* NasaImagesViewModelProtocol.swift in Sources */ = {isa = PBXBuildFile; fileRef = C58EAB0127A5B27E0016DEA7 /* NasaImagesViewModelProtocol.swift */; };
/* End PBXBuildFile section */

/* Begin PBXBuildRule section */
		C55715DA27B806A200BE807C /* PBXBuildRule */ = {
			isa = PBXBuildRule;
			compilerSpec = com.apple.compilers.proxy.script;
			fileType = pattern.proxy;
			inputFiles = (
			);
			isEditable = 1;
			outputFiles = (
			);
			script = "# Type a script or drag a script file from your workspace to insert its path.\n";
		};
/* End PBXBuildRule section */

/* Begin PBXContainerItemProxy section */
		C58EAAD527A59EAE0016DEA7 /* PBXContainerItemProxy */ = {
			isa = PBXContainerItemProxy;
			containerPortal = C58EAAB627A59EAC0016DEA7 /* Project object */;
			proxyType = 1;
			remoteGlobalIDString = C58EAABD27A59EAC0016DEA7;
			remoteInfo = "nasa-images";
		};
		C58EAADF27A59EAE0016DEA7 /* PBXContainerItemProxy */ = {
			isa = PBXContainerItemProxy;
			containerPortal = C58EAAB627A59EAC0016DEA7 /* Project object */;
			proxyType = 1;
			remoteGlobalIDString = C58EAABD27A59EAC0016DEA7;
			remoteInfo = "nasa-images";
		};
/* End PBXContainerItemProxy section */

/* Begin PBXFileReference section */
		2112D87682DBEABCAEF645DB /* Pods_nasa_images.framework */ = {isa = PBXFileReference; explicitFileType = wrapper.framework; includeInIndex = 0; path = Pods_nasa_images.framework; sourceTree = BUILT_PRODUCTS_DIR; };
		282479FB2FAD6246AA344181 /* Pods-nasa-images-nasa-imagesUITests.release.xcconfig */ = {isa = PBXFileReference; includeInIndex = 1; lastKnownFileType = text.xcconfig; name = "Pods-nasa-images-nasa-imagesUITests.release.xcconfig"; path = "Target Support Files/Pods-nasa-images-nasa-imagesUITests/Pods-nasa-images-nasa-imagesUITests.release.xcconfig"; sourceTree = "<group>"; };
		45A2B1EA80EFAA641079EFE9 /* Pods-nasa-images.release.xcconfig */ = {isa = PBXFileReference; includeInIndex = 1; lastKnownFileType = text.xcconfig; name = "Pods-nasa-images.release.xcconfig"; path = "Target Support Files/Pods-nasa-images/Pods-nasa-images.release.xcconfig"; sourceTree = "<group>"; };
		77A5886E8B394452E3C7D02E /* Pods-nasa-images-nasa-imagesUITests.debug.xcconfig */ = {isa = PBXFileReference; includeInIndex = 1; lastKnownFileType = text.xcconfig; name = "Pods-nasa-images-nasa-imagesUITests.debug.xcconfig"; path = "Target Support Files/Pods-nasa-images-nasa-imagesUITests/Pods-nasa-images-nasa-imagesUITests.debug.xcconfig"; sourceTree = "<group>"; };
		A2AA89715021FB2F6B171893 /* Pods-nasa-imagesTests.debug.xcconfig */ = {isa = PBXFileReference; includeInIndex = 1; lastKnownFileType = text.xcconfig; name = "Pods-nasa-imagesTests.debug.xcconfig"; path = "Target Support Files/Pods-nasa-imagesTests/Pods-nasa-imagesTests.debug.xcconfig"; sourceTree = "<group>"; };
		AF22738144AB7640864AF2FE /* Pods_nasa_imagesTests.framework */ = {isa = PBXFileReference; explicitFileType = wrapper.framework; includeInIndex = 0; path = Pods_nasa_imagesTests.framework; sourceTree = BUILT_PRODUCTS_DIR; };
		C536AFE827B94FEC00A334A7 /* UIColorTest.swift */ = {isa = PBXFileReference; lastKnownFileType = sourcecode.swift; path = UIColorTest.swift; sourceTree = "<group>"; };
		C55715DB27B811E100BE807C /* Preview.swift */ = {isa = PBXFileReference; fileEncoding = 4; lastKnownFileType = sourcecode.swift; path = Preview.swift; sourceTree = "<group>"; };
		C55715DD27B812FE00BE807C /* NebulaCollectionCell.swift */ = {isa = PBXFileReference; lastKnownFileType = sourcecode.swift; path = NebulaCollectionCell.swift; sourceTree = "<group>"; };
		C55715DF27B8200900BE807C /* UIColor+Extensions.swift */ = {isa = PBXFileReference; lastKnownFileType = sourcecode.swift; path = "UIColor+Extensions.swift"; sourceTree = "<group>"; };
		C564B15327B83F61008ABA28 /* SectionCollectionCell.swift */ = {isa = PBXFileReference; lastKnownFileType = sourcecode.swift; path = SectionCollectionCell.swift; sourceTree = "<group>"; };
		C585CFD427AEA85B000FB07F /* images.json */ = {isa = PBXFileReference; lastKnownFileType = text.json; path = images.json; sourceTree = "<group>"; };
		C585CFD827AEBA57000FB07F /* NasaImagesService.swift */ = {isa = PBXFileReference; lastKnownFileType = sourcecode.swift; path = NasaImagesService.swift; sourceTree = "<group>"; };
		C58EAABE27A59EAC0016DEA7 /* nasa-images.app */ = {isa = PBXFileReference; explicitFileType = wrapper.application; includeInIndex = 0; path = "nasa-images.app"; sourceTree = BUILT_PRODUCTS_DIR; };
		C58EAAC127A59EAC0016DEA7 /* AppDelegate.swift */ = {isa = PBXFileReference; lastKnownFileType = sourcecode.swift; path = AppDelegate.swift; sourceTree = "<group>"; };
		C58EAAC327A59EAC0016DEA7 /* SceneDelegate.swift */ = {isa = PBXFileReference; lastKnownFileType = sourcecode.swift; path = SceneDelegate.swift; sourceTree = "<group>"; };
		C58EAAC527A59EAC0016DEA7 /* HomeViewController.swift */ = {isa = PBXFileReference; lastKnownFileType = sourcecode.swift; path = HomeViewController.swift; sourceTree = "<group>"; };
		C58EAACA27A59EAE0016DEA7 /* Assets.xcassets */ = {isa = PBXFileReference; lastKnownFileType = folder.assetcatalog; path = Assets.xcassets; sourceTree = "<group>"; };
		C58EAACD27A59EAE0016DEA7 /* Base */ = {isa = PBXFileReference; lastKnownFileType = file.storyboard; name = Base; path = Base.lproj/LaunchScreen.storyboard; sourceTree = "<group>"; };
		C58EAACF27A59EAE0016DEA7 /* Info.plist */ = {isa = PBXFileReference; lastKnownFileType = text.plist.xml; path = Info.plist; sourceTree = "<group>"; };
		C58EAAD427A59EAE0016DEA7 /* nasa-imagesTests.xctest */ = {isa = PBXFileReference; explicitFileType = wrapper.cfbundle; includeInIndex = 0; path = "nasa-imagesTests.xctest"; sourceTree = BUILT_PRODUCTS_DIR; };
		C58EAAD827A59EAE0016DEA7 /* ServiceLayerTest.swift */ = {isa = PBXFileReference; lastKnownFileType = sourcecode.swift; path = ServiceLayerTest.swift; sourceTree = "<group>"; };
		C58EAADE27A59EAE0016DEA7 /* nasa-imagesUITests.xctest */ = {isa = PBXFileReference; explicitFileType = wrapper.cfbundle; includeInIndex = 0; path = "nasa-imagesUITests.xctest"; sourceTree = BUILT_PRODUCTS_DIR; };
		C58EAAE227A59EAE0016DEA7 /* nasa_imagesUITests.swift */ = {isa = PBXFileReference; lastKnownFileType = sourcecode.swift; path = nasa_imagesUITests.swift; sourceTree = "<group>"; };
		C58EAAE427A59EAE0016DEA7 /* nasa_imagesUITestsLaunchTests.swift */ = {isa = PBXFileReference; lastKnownFileType = sourcecode.swift; path = nasa_imagesUITestsLaunchTests.swift; sourceTree = "<group>"; };
		C58EAAF627A5A3D10016DEA7 /* AstronomyImagesModel.swift */ = {isa = PBXFileReference; lastKnownFileType = sourcecode.swift; path = AstronomyImagesModel.swift; sourceTree = "<group>"; };
		C58EAAF927A5A4530016DEA7 /* ServiceLayer.swift */ = {isa = PBXFileReference; lastKnownFileType = sourcecode.swift; path = ServiceLayer.swift; sourceTree = "<group>"; };
		C58EAAFB27A5A6EE0016DEA7 /* Constants.swift */ = {isa = PBXFileReference; lastKnownFileType = sourcecode.swift; path = Constants.swift; sourceTree = "<group>"; };
		C58EAAFF27A5AD100016DEA7 /* NasaImagesViewModel.swift */ = {isa = PBXFileReference; lastKnownFileType = sourcecode.swift; path = NasaImagesViewModel.swift; sourceTree = "<group>"; };
		C58EAB0127A5B27E0016DEA7 /* NasaImagesViewModelProtocol.swift */ = {isa = PBXFileReference; lastKnownFileType = sourcecode.swift; path = NasaImagesViewModelProtocol.swift; sourceTree = "<group>"; };
		D2F40F63FE70DE1B29633F70 /* Pods-nasa-images.debug.xcconfig */ = {isa = PBXFileReference; includeInIndex = 1; lastKnownFileType = text.xcconfig; name = "Pods-nasa-images.debug.xcconfig"; path = "Target Support Files/Pods-nasa-images/Pods-nasa-images.debug.xcconfig"; sourceTree = "<group>"; };
		F547A3E3CDA218D18F252788 /* Pods-nasa-imagesTests.release.xcconfig */ = {isa = PBXFileReference; includeInIndex = 1; lastKnownFileType = text.xcconfig; name = "Pods-nasa-imagesTests.release.xcconfig"; path = "Target Support Files/Pods-nasa-imagesTests/Pods-nasa-imagesTests.release.xcconfig"; sourceTree = "<group>"; };
		F54C55F0A80DB187DCD8D6D9 /* Pods_nasa_images_nasa_imagesUITests.framework */ = {isa = PBXFileReference; explicitFileType = wrapper.framework; includeInIndex = 0; path = Pods_nasa_images_nasa_imagesUITests.framework; sourceTree = BUILT_PRODUCTS_DIR; };
/* End PBXFileReference section */

/* Begin PBXFrameworksBuildPhase section */
		C58EAABB27A59EAC0016DEA7 /* Frameworks */ = {
			isa = PBXFrameworksBuildPhase;
			buildActionMask = 2147483647;
			files = (
				09AD6559ECD99918DD185A57 /* Pods_nasa_images.framework in Frameworks */,
			);
			runOnlyForDeploymentPostprocessing = 0;
		};
		C58EAAD127A59EAE0016DEA7 /* Frameworks */ = {
			isa = PBXFrameworksBuildPhase;
			buildActionMask = 2147483647;
			files = (
				5E355782E65CA491118C9F13 /* Pods_nasa_imagesTests.framework in Frameworks */,
			);
			runOnlyForDeploymentPostprocessing = 0;
		};
		C58EAADB27A59EAE0016DEA7 /* Frameworks */ = {
			isa = PBXFrameworksBuildPhase;
			buildActionMask = 2147483647;
			files = (
				6B7D1EF30260EA2B4B525F97 /* Pods_nasa_images_nasa_imagesUITests.framework in Frameworks */,
			);
			runOnlyForDeploymentPostprocessing = 0;
		};
/* End PBXFrameworksBuildPhase section */

/* Begin PBXGroup section */
		4B24B865A00CCE9B8702A77B /* Frameworks */ = {
			isa = PBXGroup;
			children = (
				2112D87682DBEABCAEF645DB /* Pods_nasa_images.framework */,
				F54C55F0A80DB187DCD8D6D9 /* Pods_nasa_images_nasa_imagesUITests.framework */,
				AF22738144AB7640864AF2FE /* Pods_nasa_imagesTests.framework */,
			);
			name = Frameworks;
			sourceTree = "<group>";
		};
		77044528B4171F3371912A93 /* Pods */ = {
			isa = PBXGroup;
			children = (
				D2F40F63FE70DE1B29633F70 /* Pods-nasa-images.debug.xcconfig */,
				45A2B1EA80EFAA641079EFE9 /* Pods-nasa-images.release.xcconfig */,
				77A5886E8B394452E3C7D02E /* Pods-nasa-images-nasa-imagesUITests.debug.xcconfig */,
				282479FB2FAD6246AA344181 /* Pods-nasa-images-nasa-imagesUITests.release.xcconfig */,
				A2AA89715021FB2F6B171893 /* Pods-nasa-imagesTests.debug.xcconfig */,
				F547A3E3CDA218D18F252788 /* Pods-nasa-imagesTests.release.xcconfig */,
			);
			path = Pods;
			sourceTree = "<group>";
		};
		C564B15227B83F40008ABA28 /* Cell */ = {
			isa = PBXGroup;
			children = (
				C55715DD27B812FE00BE807C /* NebulaCollectionCell.swift */,
				C564B15327B83F61008ABA28 /* SectionCollectionCell.swift */,
			);
			path = Cell;
			sourceTree = "<group>";
		};
		C58EAAB527A59EAC0016DEA7 = {
			isa = PBXGroup;
			children = (
				C58EAAC027A59EAC0016DEA7 /* nasa-images */,
				C58EAAD727A59EAE0016DEA7 /* nasa-imagesTests */,
				C58EAAE127A59EAE0016DEA7 /* nasa-imagesUITests */,
				C58EAABF27A59EAC0016DEA7 /* Products */,
				77044528B4171F3371912A93 /* Pods */,
				4B24B865A00CCE9B8702A77B /* Frameworks */,
			);
			sourceTree = "<group>";
		};
		C58EAABF27A59EAC0016DEA7 /* Products */ = {
			isa = PBXGroup;
			children = (
				C58EAABE27A59EAC0016DEA7 /* nasa-images.app */,
				C58EAAD427A59EAE0016DEA7 /* nasa-imagesTests.xctest */,
				C58EAADE27A59EAE0016DEA7 /* nasa-imagesUITests.xctest */,
			);
			name = Products;
			sourceTree = "<group>";
		};
		C58EAAC027A59EAC0016DEA7 /* nasa-images */ = {
			isa = PBXGroup;
			children = (
				C58EAAFD27A5AB4B0016DEA7 /* Utils */,
				C5EA98FC27B5355C00403FA2 /* Scenes */,
				C58EAAF827A5A4320016DEA7 /* ServiceLayer */,
				C58EAAF127A59ECD0016DEA7 /* AppDelegate */,
				C58EAAF327A59EE40016DEA7 /* Resources */,
				C58EAACF27A59EAE0016DEA7 /* Info.plist */,
			);
			path = "nasa-images";
			sourceTree = "<group>";
		};
		C58EAAD727A59EAE0016DEA7 /* nasa-imagesTests */ = {
			isa = PBXGroup;
			children = (
				C58EAAD827A59EAE0016DEA7 /* ServiceLayerTest.swift */,
				C585CFD427AEA85B000FB07F /* images.json */,
				C536AFE827B94FEC00A334A7 /* UIColorTest.swift */,
			);
			path = "nasa-imagesTests";
			sourceTree = "<group>";
		};
		C58EAAE127A59EAE0016DEA7 /* nasa-imagesUITests */ = {
			isa = PBXGroup;
			children = (
				C58EAAE227A59EAE0016DEA7 /* nasa_imagesUITests.swift */,
				C58EAAE427A59EAE0016DEA7 /* nasa_imagesUITestsLaunchTests.swift */,
			);
			path = "nasa-imagesUITests";
			sourceTree = "<group>";
		};
		C58EAAF127A59ECD0016DEA7 /* AppDelegate */ = {
			isa = PBXGroup;
			children = (
				C58EAAC127A59EAC0016DEA7 /* AppDelegate.swift */,
				C58EAAC327A59EAC0016DEA7 /* SceneDelegate.swift */,
			);
			path = AppDelegate;
			sourceTree = "<group>";
		};
		C58EAAF227A59ED50016DEA7 /* View */ = {
			isa = PBXGroup;
			children = (
				C58EAAC527A59EAC0016DEA7 /* HomeViewController.swift */,
				C564B15227B83F40008ABA28 /* Cell */,
			);
			path = View;
			sourceTree = "<group>";
		};
		C58EAAF327A59EE40016DEA7 /* Resources */ = {
			isa = PBXGroup;
			children = (
				C58EAACA27A59EAE0016DEA7 /* Assets.xcassets */,
				C58EAACC27A59EAE0016DEA7 /* LaunchScreen.storyboard */,
			);
			path = Resources;
			sourceTree = "<group>";
		};
		C58EAAF527A5A3A40016DEA7 /* Model */ = {
			isa = PBXGroup;
			children = (
				C58EAAF627A5A3D10016DEA7 /* AstronomyImagesModel.swift */,
			);
			path = Model;
			sourceTree = "<group>";
		};
		C58EAAF827A5A4320016DEA7 /* ServiceLayer */ = {
			isa = PBXGroup;
			children = (
				C58EAAF927A5A4530016DEA7 /* ServiceLayer.swift */,
			);
			path = ServiceLayer;
			sourceTree = "<group>";
		};
		C58EAAFD27A5AB4B0016DEA7 /* Utils */ = {
			isa = PBXGroup;
			children = (
				C55715DB27B811E100BE807C /* Preview.swift */,
				C58EAAFB27A5A6EE0016DEA7 /* Constants.swift */,
				C55715DF27B8200900BE807C /* UIColor+Extensions.swift */,
			);
			path = Utils;
			sourceTree = "<group>";
		};
		C58EAAFE27A5ACF00016DEA7 /* ViewModel */ = {
			isa = PBXGroup;
			children = (
				C58EAAFF27A5AD100016DEA7 /* NasaImagesViewModel.swift */,
				C58EAB0127A5B27E0016DEA7 /* NasaImagesViewModelProtocol.swift */,
			);
			path = ViewModel;
			sourceTree = "<group>";
		};
		C5EA98FC27B5355C00403FA2 /* Scenes */ = {
			isa = PBXGroup;
			children = (
				C5EA98FD27B5356500403FA2 /* Service */,
				C58EAAFE27A5ACF00016DEA7 /* ViewModel */,
				C58EAAF527A5A3A40016DEA7 /* Model */,
				C58EAAF227A59ED50016DEA7 /* View */,
			);
			path = Scenes;
			sourceTree = "<group>";
		};
		C5EA98FD27B5356500403FA2 /* Service */ = {
			isa = PBXGroup;
			children = (
				C585CFD827AEBA57000FB07F /* NasaImagesService.swift */,
			);
			path = Service;
			sourceTree = "<group>";
		};
/* End PBXGroup section */

/* Begin PBXNativeTarget section */
		C58EAABD27A59EAC0016DEA7 /* nasa-images */ = {
			isa = PBXNativeTarget;
			buildConfigurationList = C58EAAE827A59EAE0016DEA7 /* Build configuration list for PBXNativeTarget "nasa-images" */;
			buildPhases = (
				DC576DFCDFE7B3C3E2995F01 /* [CP] Check Pods Manifest.lock */,
				C58EAABA27A59EAC0016DEA7 /* Sources */,
				C58EAABB27A59EAC0016DEA7 /* Frameworks */,
				C58EAABC27A59EAC0016DEA7 /* Resources */,
				C58EAAF427A5A0D90016DEA7 /* ShellScript */,
			);
			buildRules = (
				C55715DA27B806A200BE807C /* PBXBuildRule */,
			);
			dependencies = (
			);
			name = "nasa-images";
			productName = "nasa-images";
			productReference = C58EAABE27A59EAC0016DEA7 /* nasa-images.app */;
			productType = "com.apple.product-type.application";
		};
		C58EAAD327A59EAE0016DEA7 /* nasa-imagesTests */ = {
			isa = PBXNativeTarget;
			buildConfigurationList = C58EAAEB27A59EAE0016DEA7 /* Build configuration list for PBXNativeTarget "nasa-imagesTests" */;
			buildPhases = (
				74121D479085FBEB3D34A577 /* [CP] Check Pods Manifest.lock */,
				C58EAAD027A59EAE0016DEA7 /* Sources */,
				C58EAAD127A59EAE0016DEA7 /* Frameworks */,
				C58EAAD227A59EAE0016DEA7 /* Resources */,
			);
			buildRules = (
			);
			dependencies = (
				C58EAAD627A59EAE0016DEA7 /* PBXTargetDependency */,
			);
			name = "nasa-imagesTests";
			productName = "nasa-imagesTests";
			productReference = C58EAAD427A59EAE0016DEA7 /* nasa-imagesTests.xctest */;
			productType = "com.apple.product-type.bundle.unit-test";
		};
		C58EAADD27A59EAE0016DEA7 /* nasa-imagesUITests */ = {
			isa = PBXNativeTarget;
			buildConfigurationList = C58EAAEE27A59EAE0016DEA7 /* Build configuration list for PBXNativeTarget "nasa-imagesUITests" */;
			buildPhases = (
				C21456988B6848D984BF93BD /* [CP] Check Pods Manifest.lock */,
				C58EAADA27A59EAE0016DEA7 /* Sources */,
				C58EAADB27A59EAE0016DEA7 /* Frameworks */,
				C58EAADC27A59EAE0016DEA7 /* Resources */,
			);
			buildRules = (
			);
			dependencies = (
				C58EAAE027A59EAE0016DEA7 /* PBXTargetDependency */,
			);
			name = "nasa-imagesUITests";
			productName = "nasa-imagesUITests";
			productReference = C58EAADE27A59EAE0016DEA7 /* nasa-imagesUITests.xctest */;
			productType = "com.apple.product-type.bundle.ui-testing";
		};
/* End PBXNativeTarget section */

/* Begin PBXProject section */
		C58EAAB627A59EAC0016DEA7 /* Project object */ = {
			isa = PBXProject;
			attributes = {
				BuildIndependentTargetsInParallel = 1;
				LastSwiftUpdateCheck = 1320;
				LastUpgradeCheck = 1320;
				TargetAttributes = {
					C58EAABD27A59EAC0016DEA7 = {
						CreatedOnToolsVersion = 13.2.1;
					};
					C58EAAD327A59EAE0016DEA7 = {
						CreatedOnToolsVersion = 13.2.1;
						TestTargetID = C58EAABD27A59EAC0016DEA7;
					};
					C58EAADD27A59EAE0016DEA7 = {
						CreatedOnToolsVersion = 13.2.1;
						TestTargetID = C58EAABD27A59EAC0016DEA7;
					};
				};
			};
			buildConfigurationList = C58EAAB927A59EAC0016DEA7 /* Build configuration list for PBXProject "nasa-images" */;
			compatibilityVersion = "Xcode 13.0";
			developmentRegion = en;
			hasScannedForEncodings = 0;
			knownRegions = (
				en,
				Base,
			);
			mainGroup = C58EAAB527A59EAC0016DEA7;
			productRefGroup = C58EAABF27A59EAC0016DEA7 /* Products */;
			projectDirPath = "";
			projectRoot = "";
			targets = (
				C58EAABD27A59EAC0016DEA7 /* nasa-images */,
				C58EAAD327A59EAE0016DEA7 /* nasa-imagesTests */,
				C58EAADD27A59EAE0016DEA7 /* nasa-imagesUITests */,
			);
		};
/* End PBXProject section */

/* Begin PBXResourcesBuildPhase section */
		C58EAABC27A59EAC0016DEA7 /* Resources */ = {
			isa = PBXResourcesBuildPhase;
			buildActionMask = 2147483647;
			files = (
				C58EAACE27A59EAE0016DEA7 /* LaunchScreen.storyboard in Resources */,
				C58EAACB27A59EAE0016DEA7 /* Assets.xcassets in Resources */,
			);
			runOnlyForDeploymentPostprocessing = 0;
		};
		C58EAAD227A59EAE0016DEA7 /* Resources */ = {
			isa = PBXResourcesBuildPhase;
			buildActionMask = 2147483647;
			files = (
				C585CFD527AEA85B000FB07F /* images.json in Resources */,
			);
			runOnlyForDeploymentPostprocessing = 0;
		};
		C58EAADC27A59EAE0016DEA7 /* Resources */ = {
			isa = PBXResourcesBuildPhase;
			buildActionMask = 2147483647;
			files = (
			);
			runOnlyForDeploymentPostprocessing = 0;
		};
/* End PBXResourcesBuildPhase section */

/* Begin PBXShellScriptBuildPhase section */
		74121D479085FBEB3D34A577 /* [CP] Check Pods Manifest.lock */ = {
			isa = PBXShellScriptBuildPhase;
			buildActionMask = 2147483647;
			files = (
			);
			inputFileListPaths = (
			);
			inputPaths = (
				"${PODS_PODFILE_DIR_PATH}/Podfile.lock",
				"${PODS_ROOT}/Manifest.lock",
			);
			name = "[CP] Check Pods Manifest.lock";
			outputFileListPaths = (
			);
			outputPaths = (
				"$(DERIVED_FILE_DIR)/Pods-nasa-imagesTests-checkManifestLockResult.txt",
			);
			runOnlyForDeploymentPostprocessing = 0;
			shellPath = /bin/sh;
			shellScript = "diff \"${PODS_PODFILE_DIR_PATH}/Podfile.lock\" \"${PODS_ROOT}/Manifest.lock\" > /dev/null\nif [ $? != 0 ] ; then\n    # print error to STDERR\n    echo \"error: The sandbox is not in sync with the Podfile.lock. Run 'pod install' or update your CocoaPods installation.\" >&2\n    exit 1\nfi\n# This output is used by Xcode 'outputs' to avoid re-running this script phase.\necho \"SUCCESS\" > \"${SCRIPT_OUTPUT_FILE_0}\"\n";
			showEnvVarsInLog = 0;
		};
		C21456988B6848D984BF93BD /* [CP] Check Pods Manifest.lock */ = {
			isa = PBXShellScriptBuildPhase;
			buildActionMask = 2147483647;
			files = (
			);
			inputFileListPaths = (
			);
			inputPaths = (
				"${PODS_PODFILE_DIR_PATH}/Podfile.lock",
				"${PODS_ROOT}/Manifest.lock",
			);
			name = "[CP] Check Pods Manifest.lock";
			outputFileListPaths = (
			);
			outputPaths = (
				"$(DERIVED_FILE_DIR)/Pods-nasa-images-nasa-imagesUITests-checkManifestLockResult.txt",
			);
			runOnlyForDeploymentPostprocessing = 0;
			shellPath = /bin/sh;
			shellScript = "diff \"${PODS_PODFILE_DIR_PATH}/Podfile.lock\" \"${PODS_ROOT}/Manifest.lock\" > /dev/null\nif [ $? != 0 ] ; then\n    # print error to STDERR\n    echo \"error: The sandbox is not in sync with the Podfile.lock. Run 'pod install' or update your CocoaPods installation.\" >&2\n    exit 1\nfi\n# This output is used by Xcode 'outputs' to avoid re-running this script phase.\necho \"SUCCESS\" > \"${SCRIPT_OUTPUT_FILE_0}\"\n";
			showEnvVarsInLog = 0;
		};
		C58EAAF427A5A0D90016DEA7 /* ShellScript */ = {
			isa = PBXShellScriptBuildPhase;
			buildActionMask = 2147483647;
			files = (
			);
			inputFileListPaths = (
			);
			inputPaths = (
			);
			outputFileListPaths = (
			);
			outputPaths = (
			);
			runOnlyForDeploymentPostprocessing = 0;
			shellPath = /bin/sh;
			shellScript = "# Type a script or drag a script file from your workspace to insert its path.\n\"${PODS_ROOT}/SwiftLint/swiftlint\"\n";
		};
		DC576DFCDFE7B3C3E2995F01 /* [CP] Check Pods Manifest.lock */ = {
			isa = PBXShellScriptBuildPhase;
			buildActionMask = 2147483647;
			files = (
			);
			inputFileListPaths = (
			);
			inputPaths = (
				"${PODS_PODFILE_DIR_PATH}/Podfile.lock",
				"${PODS_ROOT}/Manifest.lock",
			);
			name = "[CP] Check Pods Manifest.lock";
			outputFileListPaths = (
			);
			outputPaths = (
				"$(DERIVED_FILE_DIR)/Pods-nasa-images-checkManifestLockResult.txt",
			);
			runOnlyForDeploymentPostprocessing = 0;
			shellPath = /bin/sh;
			shellScript = "diff \"${PODS_PODFILE_DIR_PATH}/Podfile.lock\" \"${PODS_ROOT}/Manifest.lock\" > /dev/null\nif [ $? != 0 ] ; then\n    # print error to STDERR\n    echo \"error: The sandbox is not in sync with the Podfile.lock. Run 'pod install' or update your CocoaPods installation.\" >&2\n    exit 1\nfi\n# This output is used by Xcode 'outputs' to avoid re-running this script phase.\necho \"SUCCESS\" > \"${SCRIPT_OUTPUT_FILE_0}\"\n";
			showEnvVarsInLog = 0;
		};
/* End PBXShellScriptBuildPhase section */

/* Begin PBXSourcesBuildPhase section */
		C58EAABA27A59EAC0016DEA7 /* Sources */ = {
			isa = PBXSourcesBuildPhase;
			buildActionMask = 2147483647;
			files = (
				C58EAAF727A5A3D10016DEA7 /* AstronomyImagesModel.swift in Sources */,
				C58EAB0227A5B27E0016DEA7 /* NasaImagesViewModelProtocol.swift in Sources */,
				C55715DC27B811E100BE807C /* Preview.swift in Sources */,
				C585CFD927AEBA57000FB07F /* NasaImagesService.swift in Sources */,
				C58EAAC627A59EAC0016DEA7 /* HomeViewController.swift in Sources */,
				C58EAAFA27A5A4530016DEA7 /* ServiceLayer.swift in Sources */,
				C55715DE27B812FE00BE807C /* NebulaCollectionCell.swift in Sources */,
				C564B15427B83F61008ABA28 /* SectionCollectionCell.swift in Sources */,
				C55715E027B8200900BE807C /* UIColor+Extensions.swift in Sources */,
				C58EAAC227A59EAC0016DEA7 /* AppDelegate.swift in Sources */,
				C58EAB0027A5AD100016DEA7 /* NasaImagesViewModel.swift in Sources */,
				C58EAAC427A59EAC0016DEA7 /* SceneDelegate.swift in Sources */,
				C58EAAFC27A5A6EE0016DEA7 /* Constants.swift in Sources */,
			);
			runOnlyForDeploymentPostprocessing = 0;
		};
		C58EAAD027A59EAE0016DEA7 /* Sources */ = {
			isa = PBXSourcesBuildPhase;
			buildActionMask = 2147483647;
			files = (
				C58EAAD927A59EAE0016DEA7 /* ServiceLayerTest.swift in Sources */,
				C536AFE927B94FEC00A334A7 /* UIColorTest.swift in Sources */,
			);
			runOnlyForDeploymentPostprocessing = 0;
		};
		C58EAADA27A59EAE0016DEA7 /* Sources */ = {
			isa = PBXSourcesBuildPhase;
			buildActionMask = 2147483647;
			files = (
				C58EAAE327A59EAE0016DEA7 /* nasa_imagesUITests.swift in Sources */,
				C58EAAE527A59EAE0016DEA7 /* nasa_imagesUITestsLaunchTests.swift in Sources */,
			);
			runOnlyForDeploymentPostprocessing = 0;
		};
/* End PBXSourcesBuildPhase section */

/* Begin PBXTargetDependency section */
		C58EAAD627A59EAE0016DEA7 /* PBXTargetDependency */ = {
			isa = PBXTargetDependency;
			target = C58EAABD27A59EAC0016DEA7 /* nasa-images */;
			targetProxy = C58EAAD527A59EAE0016DEA7 /* PBXContainerItemProxy */;
		};
		C58EAAE027A59EAE0016DEA7 /* PBXTargetDependency */ = {
			isa = PBXTargetDependency;
			target = C58EAABD27A59EAC0016DEA7 /* nasa-images */;
			targetProxy = C58EAADF27A59EAE0016DEA7 /* PBXContainerItemProxy */;
		};
/* End PBXTargetDependency section */

/* Begin PBXVariantGroup section */
		C58EAACC27A59EAE0016DEA7 /* LaunchScreen.storyboard */ = {
			isa = PBXVariantGroup;
			children = (
				C58EAACD27A59EAE0016DEA7 /* Base */,
			);
			name = LaunchScreen.storyboard;
			sourceTree = "<group>";
		};
/* End PBXVariantGroup section */

/* Begin XCBuildConfiguration section */
		C58EAAE627A59EAE0016DEA7 /* Debug */ = {
			isa = XCBuildConfiguration;
			buildSettings = {
				ALWAYS_SEARCH_USER_PATHS = NO;
				CLANG_ANALYZER_NONNULL = YES;
				CLANG_ANALYZER_NUMBER_OBJECT_CONVERSION = YES_AGGRESSIVE;
				CLANG_CXX_LANGUAGE_STANDARD = "gnu++17";
				CLANG_CXX_LIBRARY = "libc++";
				CLANG_ENABLE_MODULES = YES;
				CLANG_ENABLE_OBJC_ARC = YES;
				CLANG_ENABLE_OBJC_WEAK = YES;
				CLANG_WARN_BLOCK_CAPTURE_AUTORELEASING = YES;
				CLANG_WARN_BOOL_CONVERSION = YES;
				CLANG_WARN_COMMA = YES;
				CLANG_WARN_CONSTANT_CONVERSION = YES;
				CLANG_WARN_DEPRECATED_OBJC_IMPLEMENTATIONS = YES;
				CLANG_WARN_DIRECT_OBJC_ISA_USAGE = YES_ERROR;
				CLANG_WARN_DOCUMENTATION_COMMENTS = YES;
				CLANG_WARN_EMPTY_BODY = YES;
				CLANG_WARN_ENUM_CONVERSION = YES;
				CLANG_WARN_INFINITE_RECURSION = YES;
				CLANG_WARN_INT_CONVERSION = YES;
				CLANG_WARN_NON_LITERAL_NULL_CONVERSION = YES;
				CLANG_WARN_OBJC_IMPLICIT_RETAIN_SELF = YES;
				CLANG_WARN_OBJC_LITERAL_CONVERSION = YES;
				CLANG_WARN_OBJC_ROOT_CLASS = YES_ERROR;
				CLANG_WARN_QUOTED_INCLUDE_IN_FRAMEWORK_HEADER = YES;
				CLANG_WARN_RANGE_LOOP_ANALYSIS = YES;
				CLANG_WARN_STRICT_PROTOTYPES = YES;
				CLANG_WARN_SUSPICIOUS_MOVE = YES;
				CLANG_WARN_UNGUARDED_AVAILABILITY = YES_AGGRESSIVE;
				CLANG_WARN_UNREACHABLE_CODE = YES;
				CLANG_WARN__DUPLICATE_METHOD_MATCH = YES;
				COPY_PHASE_STRIP = NO;
				DEBUG_INFORMATION_FORMAT = dwarf;
				ENABLE_STRICT_OBJC_MSGSEND = YES;
				ENABLE_TESTABILITY = YES;
				GCC_C_LANGUAGE_STANDARD = gnu11;
				GCC_DYNAMIC_NO_PIC = NO;
				GCC_NO_COMMON_BLOCKS = YES;
				GCC_OPTIMIZATION_LEVEL = 0;
				GCC_PREPROCESSOR_DEFINITIONS = (
					"DEBUG=1",
					"$(inherited)",
				);
				GCC_WARN_64_TO_32_BIT_CONVERSION = YES;
				GCC_WARN_ABOUT_RETURN_TYPE = YES_ERROR;
				GCC_WARN_UNDECLARED_SELECTOR = YES;
				GCC_WARN_UNINITIALIZED_AUTOS = YES_AGGRESSIVE;
				GCC_WARN_UNUSED_FUNCTION = YES;
				GCC_WARN_UNUSED_VARIABLE = YES;
				IPHONEOS_DEPLOYMENT_TARGET = 15.2;
				MTL_ENABLE_DEBUG_INFO = INCLUDE_SOURCE;
				MTL_FAST_MATH = YES;
				ONLY_ACTIVE_ARCH = YES;
				SDKROOT = iphoneos;
				SWIFT_ACTIVE_COMPILATION_CONDITIONS = DEBUG;
				SWIFT_OPTIMIZATION_LEVEL = "-Onone";
			};
			name = Debug;
		};
		C58EAAE727A59EAE0016DEA7 /* Release */ = {
			isa = XCBuildConfiguration;
			buildSettings = {
				ALWAYS_SEARCH_USER_PATHS = NO;
				CLANG_ANALYZER_NONNULL = YES;
				CLANG_ANALYZER_NUMBER_OBJECT_CONVERSION = YES_AGGRESSIVE;
				CLANG_CXX_LANGUAGE_STANDARD = "gnu++17";
				CLANG_CXX_LIBRARY = "libc++";
				CLANG_ENABLE_MODULES = YES;
				CLANG_ENABLE_OBJC_ARC = YES;
				CLANG_ENABLE_OBJC_WEAK = YES;
				CLANG_WARN_BLOCK_CAPTURE_AUTORELEASING = YES;
				CLANG_WARN_BOOL_CONVERSION = YES;
				CLANG_WARN_COMMA = YES;
				CLANG_WARN_CONSTANT_CONVERSION = YES;
				CLANG_WARN_DEPRECATED_OBJC_IMPLEMENTATIONS = YES;
				CLANG_WARN_DIRECT_OBJC_ISA_USAGE = YES_ERROR;
				CLANG_WARN_DOCUMENTATION_COMMENTS = YES;
				CLANG_WARN_EMPTY_BODY = YES;
				CLANG_WARN_ENUM_CONVERSION = YES;
				CLANG_WARN_INFINITE_RECURSION = YES;
				CLANG_WARN_INT_CONVERSION = YES;
				CLANG_WARN_NON_LITERAL_NULL_CONVERSION = YES;
				CLANG_WARN_OBJC_IMPLICIT_RETAIN_SELF = YES;
				CLANG_WARN_OBJC_LITERAL_CONVERSION = YES;
				CLANG_WARN_OBJC_ROOT_CLASS = YES_ERROR;
				CLANG_WARN_QUOTED_INCLUDE_IN_FRAMEWORK_HEADER = YES;
				CLANG_WARN_RANGE_LOOP_ANALYSIS = YES;
				CLANG_WARN_STRICT_PROTOTYPES = YES;
				CLANG_WARN_SUSPICIOUS_MOVE = YES;
				CLANG_WARN_UNGUARDED_AVAILABILITY = YES_AGGRESSIVE;
				CLANG_WARN_UNREACHABLE_CODE = YES;
				CLANG_WARN__DUPLICATE_METHOD_MATCH = YES;
				COPY_PHASE_STRIP = NO;
				DEBUG_INFORMATION_FORMAT = "dwarf-with-dsym";
				ENABLE_NS_ASSERTIONS = NO;
				ENABLE_STRICT_OBJC_MSGSEND = YES;
				GCC_C_LANGUAGE_STANDARD = gnu11;
				GCC_NO_COMMON_BLOCKS = YES;
				GCC_WARN_64_TO_32_BIT_CONVERSION = YES;
				GCC_WARN_ABOUT_RETURN_TYPE = YES_ERROR;
				GCC_WARN_UNDECLARED_SELECTOR = YES;
				GCC_WARN_UNINITIALIZED_AUTOS = YES_AGGRESSIVE;
				GCC_WARN_UNUSED_FUNCTION = YES;
				GCC_WARN_UNUSED_VARIABLE = YES;
				IPHONEOS_DEPLOYMENT_TARGET = 15.2;
				MTL_ENABLE_DEBUG_INFO = NO;
				MTL_FAST_MATH = YES;
				SDKROOT = iphoneos;
				SWIFT_COMPILATION_MODE = wholemodule;
				SWIFT_OPTIMIZATION_LEVEL = "-O";
				VALIDATE_PRODUCT = YES;
			};
			name = Release;
		};
		C58EAAE927A59EAE0016DEA7 /* Debug */ = {
			isa = XCBuildConfiguration;
			baseConfigurationReference = D2F40F63FE70DE1B29633F70 /* Pods-nasa-images.debug.xcconfig */;
			buildSettings = {
				ASSETCATALOG_COMPILER_APPICON_NAME = AppIcon;
				ASSETCATALOG_COMPILER_GLOBAL_ACCENT_COLOR_NAME = AccentColor;
				CODE_SIGN_STYLE = Automatic;
				CURRENT_PROJECT_VERSION = 1;
				DEVELOPMENT_TEAM = WKN62NB674;
				GENERATE_INFOPLIST_FILE = YES;
				INFOPLIST_FILE = "nasa-images/Info.plist";
				INFOPLIST_KEY_UIApplicationSupportsIndirectInputEvents = YES;
				INFOPLIST_KEY_UILaunchStoryboardName = LaunchScreen;
				INFOPLIST_KEY_UISupportedInterfaceOrientations = UIInterfaceOrientationPortrait;
				INFOPLIST_KEY_UISupportedInterfaceOrientations_iPad = "UIInterfaceOrientationPortrait UIInterfaceOrientationPortraitUpsideDown UIInterfaceOrientationLandscapeLeft UIInterfaceOrientationLandscapeRight";
				INFOPLIST_KEY_UISupportedInterfaceOrientations_iPhone = "UIInterfaceOrientationPortrait UIInterfaceOrientationLandscapeLeft UIInterfaceOrientationLandscapeRight";
				IPHONEOS_DEPLOYMENT_TARGET = 13.5;
				LD_RUNPATH_SEARCH_PATHS = (
					"$(inherited)",
					"@executable_path/Frameworks",
				);
				MARKETING_VERSION = 1.0;
				PRODUCT_BUNDLE_IDENTIFIER = "pesssoal.nasa-images";
				PRODUCT_NAME = "$(TARGET_NAME)";
				SWIFT_EMIT_LOC_STRINGS = YES;
				SWIFT_VERSION = 5.0;
				TARGETED_DEVICE_FAMILY = 1;
			};
			name = Debug;
		};
		C58EAAEA27A59EAE0016DEA7 /* Release */ = {
			isa = XCBuildConfiguration;
			baseConfigurationReference = 45A2B1EA80EFAA641079EFE9 /* Pods-nasa-images.release.xcconfig */;
			buildSettings = {
				ASSETCATALOG_COMPILER_APPICON_NAME = AppIcon;
				ASSETCATALOG_COMPILER_GLOBAL_ACCENT_COLOR_NAME = AccentColor;
				CODE_SIGN_STYLE = Automatic;
				CURRENT_PROJECT_VERSION = 1;
				DEVELOPMENT_TEAM = WKN62NB674;
				GENERATE_INFOPLIST_FILE = YES;
				INFOPLIST_FILE = "nasa-images/Info.plist";
				INFOPLIST_KEY_UIApplicationSupportsIndirectInputEvents = YES;
				INFOPLIST_KEY_UILaunchStoryboardName = LaunchScreen;
				INFOPLIST_KEY_UISupportedInterfaceOrientations = UIInterfaceOrientationPortrait;
				INFOPLIST_KEY_UISupportedInterfaceOrientations_iPad = "UIInterfaceOrientationPortrait UIInterfaceOrientationPortraitUpsideDown UIInterfaceOrientationLandscapeLeft UIInterfaceOrientationLandscapeRight";
				INFOPLIST_KEY_UISupportedInterfaceOrientations_iPhone = "UIInterfaceOrientationPortrait UIInterfaceOrientationLandscapeLeft UIInterfaceOrientationLandscapeRight";
				IPHONEOS_DEPLOYMENT_TARGET = 13.5;
				LD_RUNPATH_SEARCH_PATHS = (
					"$(inherited)",
					"@executable_path/Frameworks",
				);
				MARKETING_VERSION = 1.0;
				PRODUCT_BUNDLE_IDENTIFIER = "pesssoal.nasa-images";
				PRODUCT_NAME = "$(TARGET_NAME)";
				SWIFT_EMIT_LOC_STRINGS = YES;
				SWIFT_VERSION = 5.0;
				TARGETED_DEVICE_FAMILY = 1;
			};
			name = Release;
		};
		C58EAAEC27A59EAE0016DEA7 /* Debug */ = {
			isa = XCBuildConfiguration;
			baseConfigurationReference = A2AA89715021FB2F6B171893 /* Pods-nasa-imagesTests.debug.xcconfig */;
			buildSettings = {
				ALWAYS_EMBED_SWIFT_STANDARD_LIBRARIES = YES;
				BUNDLE_LOADER = "$(TEST_HOST)";
				CODE_SIGN_STYLE = Automatic;
				CURRENT_PROJECT_VERSION = 1;
				GENERATE_INFOPLIST_FILE = YES;
				IPHONEOS_DEPLOYMENT_TARGET = 15.2;
				MARKETING_VERSION = 1.0;
				PRODUCT_BUNDLE_IDENTIFIER = "pesssoal.nasa-imagesTests";
				PRODUCT_NAME = "$(TARGET_NAME)";
				SWIFT_EMIT_LOC_STRINGS = NO;
				SWIFT_VERSION = 5.0;
				TARGETED_DEVICE_FAMILY = "1,2";
				TEST_HOST = "$(BUILT_PRODUCTS_DIR)/nasa-images.app/nasa-images";
			};
			name = Debug;
		};
		C58EAAED27A59EAE0016DEA7 /* Release */ = {
			isa = XCBuildConfiguration;
			baseConfigurationReference = F547A3E3CDA218D18F252788 /* Pods-nasa-imagesTests.release.xcconfig */;
			buildSettings = {
				ALWAYS_EMBED_SWIFT_STANDARD_LIBRARIES = YES;
				BUNDLE_LOADER = "$(TEST_HOST)";
				CODE_SIGN_STYLE = Automatic;
				CURRENT_PROJECT_VERSION = 1;
				GENERATE_INFOPLIST_FILE = YES;
				IPHONEOS_DEPLOYMENT_TARGET = 15.2;
				MARKETING_VERSION = 1.0;
				PRODUCT_BUNDLE_IDENTIFIER = "pesssoal.nasa-imagesTests";
				PRODUCT_NAME = "$(TARGET_NAME)";
				SWIFT_EMIT_LOC_STRINGS = NO;
				SWIFT_VERSION = 5.0;
				TARGETED_DEVICE_FAMILY = "1,2";
				TEST_HOST = "$(BUILT_PRODUCTS_DIR)/nasa-images.app/nasa-images";
			};
			name = Release;
		};
		C58EAAEF27A59EAE0016DEA7 /* Debug */ = {
			isa = XCBuildConfiguration;
			baseConfigurationReference = 77A5886E8B394452E3C7D02E /* Pods-nasa-images-nasa-imagesUITests.debug.xcconfig */;
			buildSettings = {
				ALWAYS_EMBED_SWIFT_STANDARD_LIBRARIES = YES;
				CODE_SIGN_STYLE = Automatic;
				CURRENT_PROJECT_VERSION = 1;
				GENERATE_INFOPLIST_FILE = YES;
				MARKETING_VERSION = 1.0;
				PRODUCT_BUNDLE_IDENTIFIER = "pesssoal.nasa-imagesUITests";
				PRODUCT_NAME = "$(TARGET_NAME)";
				SWIFT_EMIT_LOC_STRINGS = NO;
				SWIFT_VERSION = 5.0;
				TARGETED_DEVICE_FAMILY = "1,2";
				TEST_TARGET_NAME = "nasa-images";
			};
			name = Debug;
		};
		C58EAAF027A59EAE0016DEA7 /* Release */ = {
			isa = XCBuildConfiguration;
			baseConfigurationReference = 282479FB2FAD6246AA344181 /* Pods-nasa-images-nasa-imagesUITests.release.xcconfig */;
			buildSettings = {
				ALWAYS_EMBED_SWIFT_STANDARD_LIBRARIES = YES;
				CODE_SIGN_STYLE = Automatic;
				CURRENT_PROJECT_VERSION = 1;
				GENERATE_INFOPLIST_FILE = YES;
				MARKETING_VERSION = 1.0;
				PRODUCT_BUNDLE_IDENTIFIER = "pesssoal.nasa-imagesUITests";
				PRODUCT_NAME = "$(TARGET_NAME)";
				SWIFT_EMIT_LOC_STRINGS = NO;
				SWIFT_VERSION = 5.0;
				TARGETED_DEVICE_FAMILY = "1,2";
				TEST_TARGET_NAME = "nasa-images";
			};
			name = Release;
		};
/* End XCBuildConfiguration section */

/* Begin XCConfigurationList section */
		C58EAAB927A59EAC0016DEA7 /* Build configuration list for PBXProject "nasa-images" */ = {
			isa = XCConfigurationList;
			buildConfigurations = (
				C58EAAE627A59EAE0016DEA7 /* Debug */,
				C58EAAE727A59EAE0016DEA7 /* Release */,
			);
			defaultConfigurationIsVisible = 0;
			defaultConfigurationName = Release;
		};
		C58EAAE827A59EAE0016DEA7 /* Build configuration list for PBXNativeTarget "nasa-images" */ = {
			isa = XCConfigurationList;
			buildConfigurations = (
				C58EAAE927A59EAE0016DEA7 /* Debug */,
				C58EAAEA27A59EAE0016DEA7 /* Release */,
			);
			defaultConfigurationIsVisible = 0;
			defaultConfigurationName = Release;
		};
		C58EAAEB27A59EAE0016DEA7 /* Build configuration list for PBXNativeTarget "nasa-imagesTests" */ = {
			isa = XCConfigurationList;
			buildConfigurations = (
				C58EAAEC27A59EAE0016DEA7 /* Debug */,
				C58EAAED27A59EAE0016DEA7 /* Release */,
			);
			defaultConfigurationIsVisible = 0;
			defaultConfigurationName = Release;
		};
		C58EAAEE27A59EAE0016DEA7 /* Build configuration list for PBXNativeTarget "nasa-imagesUITests" */ = {
			isa = XCConfigurationList;
			buildConfigurations = (
				C58EAAEF27A59EAE0016DEA7 /* Debug */,
				C58EAAF027A59EAE0016DEA7 /* Release */,
			);
			defaultConfigurationIsVisible = 0;
			defaultConfigurationName = Release;
		};
/* End XCConfigurationList section */
	};
	rootObject = C58EAAB627A59EAC0016DEA7 /* Project object */;
}
